
Microsoft Visual Studio Solution File, Format Version 12.00
# Visual Studio Version 17
VisualStudioVersion = 17.11.35219.272
MinimumVisualStudioVersion = 10.0.40219.1
Project("{FAE04EC0-301F-11D3-BF4B-00C04F79EFBC}") = "MiPrimerForm", "MiPrimerForm\MiPrimerForm.csproj", "{F62E3293-6423-4D90-986A-4BC40BC48FEB}"
EndProject
Global
	GlobalSection(SolutionConfigurationPlatforms) = preSolution
		Debug|Any CPU = Debug|Any CPU
		Release|Any CPU = Release|Any CPU
	EndGlobalSection
	GlobalSection(ProjectConfigurationPlatforms) = postSolution
		{F62E3293-6423-4D90-986A-4BC40BC48FEB}.Debug|Any CPU.ActiveCfg = Debug|Any CPU
		{F62E3293-6423-4D90-986A-4BC40BC48FEB}.Debug|Any CPU.Build.0 = Debug|Any CPU
		{F62E3293-6423-4D90-986A-4BC40BC48FEB}.Release|Any CPU.ActiveCfg = Release|Any CPU
		{F62E3293-6423-4D90-986A-4BC40BC48FEB}.Release|Any CPU.Build.0 = Release|Any CPU
	EndGlobalSection
	GlobalSection(SolutionProperties) = preSolution
		HideSolutionNode = FALSE
	EndGlobalSection
	GlobalSection(ExtensibilityGlobals) = postSolution
		SolutionGuid = {8B0AA962-5944-451E-BD18-85AE165B6818}
	EndGlobalSection
EndGlobal
